{
  "projects": [
    {
      "projectId": "aPZu6epBt5EaEYRgMF1d6z",
      "version": "latest",
      "dependencies": {
        "kjuFFTSZb8fanzCHT2C1jz": "12.2.3",
        "seaQhLVS4bbjiGvJJrRwyL": "15.0.3"
      },
      "lang": "ts",
      "fileLocks": [
        {
          "type": "globalVariant",
          "assetId": "AeNTI-zK4Ow6K",
          "checksum": "61908354d2ce15503c2fa9014fa99d24"
        },
        {
          "type": "renderModule",
          "assetId": "3oILK2v_-pyvd",
          "checksum": "8b95d43359327b4eb8c8421c7bcbd1ce"
        },
        {
          "type": "cssRules",
          "assetId": "3oILK2v_-pyvd",
          "checksum": "8b95d43359327b4eb8c8421c7bcbd1ce"
        },
        {
          "type": "renderModule",
          "assetId": "UmnocbxlOe4RY",
          "checksum": "173b94fa15240e3812223933109de2d7"
        },
        {
          "type": "cssRules",
          "assetId": "UmnocbxlOe4RY",
          "checksum": "173b94fa15240e3812223933109de2d7"
        },
        {
          "type": "renderModule",
          "assetId": "wGo48tXf46AUw",
          "checksum": "0b827429c15c065bbd9adc1c3fc113af"
        },
        {
          "type": "cssRules",
          "assetId": "wGo48tXf46AUw",
          "checksum": "0b827429c15c065bbd9adc1c3fc113af"
        },
        {
          "type": "renderModule",
          "assetId": "l6RtOq3VZBTR1",
          "checksum": "ca10e0d36521cbdf15f1b6dba37136ca"
        },
        {
          "type": "cssRules",
          "assetId": "l6RtOq3VZBTR1",
          "checksum": "ca10e0d36521cbdf15f1b6dba37136ca"
        },
        {
          "type": "renderModule",
          "assetId": "4L5ms2C9VO",
          "checksum": "5cef0ae0f454d165e6f5b8da30f8da87"
        },
        {
          "type": "cssRules",
          "assetId": "4L5ms2C9VO",
          "checksum": "5cef0ae0f454d165e6f5b8da30f8da87"
        },
        {
          "type": "renderModule",
          "assetId": "xvTPjJWm1O",
          "checksum": "4e19447c689f44694c7e48ba3d371438"
        },
        {
          "type": "cssRules",
          "assetId": "xvTPjJWm1O",
          "checksum": "4e19447c689f44694c7e48ba3d371438"
        },
        {
          "type": "renderModule",
          "assetId": "dIpIxA1IiY",
          "checksum": "3ce90fc7a5c85cac54c948112a1aad87"
        },
        {
          "type": "cssRules",
          "assetId": "dIpIxA1IiY",
          "checksum": "3ce90fc7a5c85cac54c948112a1aad87"
        },
        {
          "type": "renderModule",
          "assetId": "1gxLsOJaF9Q",
          "checksum": "8e8e80a3dbc7907defecf1158b34f73d"
        },
        {
          "type": "cssRules",
          "assetId": "1gxLsOJaF9Q",
          "checksum": "8e8e80a3dbc7907defecf1158b34f73d"
        },
        {
          "type": "renderModule",
          "assetId": "-QdVHAhp0j",
          "checksum": "be3975e3c6582c9b6876efebc765de70"
        },
        {
          "type": "cssRules",
          "assetId": "-QdVHAhp0j",
          "checksum": "be3975e3c6582c9b6876efebc765de70"
        },
        {
          "type": "renderModule",
          "assetId": "8TANbVpBXy",
          "checksum": "2d8fdddcccb98d562a065c1b0e629d8c"
        },
        {
          "type": "cssRules",
          "assetId": "8TANbVpBXy",
          "checksum": "2d8fdddcccb98d562a065c1b0e629d8c"
        },
        {
          "type": "renderModule",
          "assetId": "Yh0Ros8irE",
          "checksum": "e3b12acea1337f4d7a45fdf234fd40fd"
        },
        {
          "type": "cssRules",
          "assetId": "Yh0Ros8irE",
          "checksum": "e3b12acea1337f4d7a45fdf234fd40fd"
        },
        {
          "type": "image",
          "assetId": "RgnSOGjD2",
          "checksum": "aa6dce96775468ca5c77ad5a006e04c6"
        },
        {
          "type": "image",
          "assetId": "20w0k7J7y",
          "checksum": "704ff6a8af80799dd2fb158dda7bc4ae"
        },
        {
          "type": "image",
          "assetId": "OpfleUcl-",
          "checksum": "904a423ae02d0515d09b79483d54b810"
        },
        {
          "type": "image",
          "assetId": "N6DnYk6Nm",
          "checksum": "92f559b6299a84a316700197c004ae5e"
        },
        {
          "type": "image",
          "assetId": "YdidTNtfe",
          "checksum": "ade7a9e7c6f1afe0b62755de0b50a188"
        },
        {
          "type": "image",
          "assetId": "nN358-16h",
          "checksum": "7021df732cba765235efdd55259f405b"
        },
        {
          "type": "image",
          "assetId": "Qw9ZhEp7D",
          "checksum": "65e7f83eb3447724e26b139dbdc0d0be"
        },
        {
          "type": "image",
          "assetId": "cQrBdGN7W",
          "checksum": "dbb236c86094a20c3afa948c44f180a9"
        },
        {
          "type": "image",
          "assetId": "zjSuJ8t1U",
          "checksum": "1ed531997d06984d2aa264bc09bf1ad5"
        },
        {
          "type": "image",
          "assetId": "KYvPLZYA5",
          "checksum": "0b12a1a862f570d4ce457abcf28085a0"
        },
        {
          "type": "image",
          "assetId": "MN_p91FHi",
          "checksum": "b693fc83941b0131e899edb00fda19a6"
        },
        {
          "type": "image",
          "assetId": "0A11wQLPn",
          "checksum": "1e28786c3d369f6984c38f8412748a4e"
        },
        {
          "type": "image",
          "assetId": "rHZkUeuBU",
          "checksum": "c6efd7e420cc36373ddaa556ccb957fb"
        },
        {
          "type": "image",
          "assetId": "brAjoLVBCe",
          "checksum": "4b3f05fe0f1c0af54e48c4c006b85289"
        },
        {
          "type": "renderModule",
          "assetId": "9K6Sk2ST166Ni",
          "checksum": "6f0ee4c060dcdcd05fd86734f665400b"
        },
        {
          "type": "cssRules",
          "assetId": "9K6Sk2ST166Ni",
          "checksum": "6f0ee4c060dcdcd05fd86734f665400b"
        },
        {
          "assetId": "aPZu6epBt5EaEYRgMF1d6z",
          "type": "projectCss",
          "checksum": "f6a8a708cb57c34376df1c257570d0cc"
        },
        {
          "type": "icon",
          "assetId": "bD0dbNOKNGywZ",
          "checksum": "1dd56e7030d2b0ab9348d6830fcca342"
        },
        {
          "type": "icon",
          "assetId": "MJwD_WwVrE",
          "checksum": "ecb17dd2af5a4178ae72cb83aff03d05"
        },
        {
          "type": "icon",
          "assetId": "2ftpiH3Dec",
          "checksum": "d5ad39c0836bce7b433de8d206670a9e"
        },
        {
          "type": "icon",
          "assetId": "zw_Q1ZDL4y",
          "checksum": "59349430ca5154fd52e40dfaf88afc42"
        }
      ]
    },
    {
      "projectId": "seaQhLVS4bbjiGvJJrRwyL",
      "version": "15.0.3",
      "dependencies": {},
      "lang": "ts",
      "fileLocks": [
        {
          "assetId": "seaQhLVS4bbjiGvJJrRwyL",
          "type": "projectCss",
          "checksum": "dc88471beadb978e51eb3ceb75d10fdb"
        }
      ]
    },
    {
      "projectId": "kjuFFTSZb8fanzCHT2C1jz",
      "version": "12.2.3",
      "dependencies": {
        "seaQhLVS4bbjiGvJJrRwyL": "15.0.3"
      },
      "lang": "ts",
      "fileLocks": [
        {
          "type": "globalVariant",
          "assetId": "k7xdGnvUtPZ_s",
          "checksum": "1a98724ea5b0b5c41618a8498f33c0f0"
        },
        {
          "type": "globalVariant",
          "assetId": "9MzawQbD5r",
          "checksum": "b6f3ca7eecc8ed1f3314033844b40cbc"
        },
        {
          "type": "renderModule",
          "assetId": "5-ThUEPfFc",
          "checksum": "bdad89c687f91e95ab4e75e024b65495"
        },
        {
          "type": "cssRules",
          "assetId": "5-ThUEPfFc",
          "checksum": "bdad89c687f91e95ab4e75e024b65495"
        },
        {
          "type": "renderModule",
          "assetId": "EDH0JqEGKc",
          "checksum": "5c63a320d595027cefee15852fd198de"
        },
        {
          "type": "cssRules",
          "assetId": "EDH0JqEGKc",
          "checksum": "5c63a320d595027cefee15852fd198de"
        },
        {
          "type": "renderModule",
          "assetId": "jzdXOPDUzV",
          "checksum": "585ac6af8cd342fd384513c5769af393"
        },
        {
          "type": "cssRules",
          "assetId": "jzdXOPDUzV",
          "checksum": "585ac6af8cd342fd384513c5769af393"
        },
        {
          "type": "renderModule",
          "assetId": "LC6N8oPz6C",
          "checksum": "dee99a2eaadcb85a6264b84d8372e467"
        },
        {
          "type": "cssRules",
          "assetId": "LC6N8oPz6C",
          "checksum": "dee99a2eaadcb85a6264b84d8372e467"
        },
        {
          "type": "renderModule",
          "assetId": "vtgKf8zu4R",
          "checksum": "ec31500b68e1e821c323fc9309a1ebec"
        },
        {
          "type": "cssRules",
          "assetId": "vtgKf8zu4R",
          "checksum": "ec31500b68e1e821c323fc9309a1ebec"
        },
        {
          "type": "renderModule",
          "assetId": "Dh0X1Xu6r0",
          "checksum": "d00b193a5212388f74f6ec974c5ad325"
        },
        {
          "type": "cssRules",
          "assetId": "Dh0X1Xu6r0",
          "checksum": "d00b193a5212388f74f6ec974c5ad325"
        },
        {
          "type": "renderModule",
          "assetId": "9R5YynM9KVp",
          "checksum": "9fdd4c42b3b37e4bab7c52289712dc9c"
        },
        {
          "type": "cssRules",
          "assetId": "9R5YynM9KVp",
          "checksum": "9fdd4c42b3b37e4bab7c52289712dc9c"
        },
        {
          "type": "renderModule",
          "assetId": "CTFlDz32c2",
          "checksum": "a28a117e2d0dac9c77e6ead1708f5f09"
        },
        {
          "type": "cssRules",
          "assetId": "CTFlDz32c2",
          "checksum": "a28a117e2d0dac9c77e6ead1708f5f09"
        },
        {
          "type": "renderModule",
          "assetId": "6947fPy0uC",
          "checksum": "3cae2036f340b664eb21dcc9f22d8cab"
        },
        {
          "type": "cssRules",
          "assetId": "6947fPy0uC",
          "checksum": "3cae2036f340b664eb21dcc9f22d8cab"
        },
        {
          "type": "renderModule",
          "assetId": "E_l1hqcHcA",
          "checksum": "bb1a8c01acd01df769c019ecf0366ca8"
        },
        {
          "type": "cssRules",
          "assetId": "E_l1hqcHcA",
          "checksum": "bb1a8c01acd01df769c019ecf0366ca8"
        },
        {
          "type": "renderModule",
          "assetId": "SQHouqji3_",
          "checksum": "c8017ba00d820f90f299cb165173fbcf"
        },
        {
          "type": "cssRules",
          "assetId": "SQHouqji3_",
          "checksum": "c8017ba00d820f90f299cb165173fbcf"
        },
        {
          "type": "renderModule",
          "assetId": "MOwsdKtDW9",
          "checksum": "d291d71eae1e44118502fd913cc5beb6"
        },
        {
          "type": "cssRules",
          "assetId": "MOwsdKtDW9",
          "checksum": "d291d71eae1e44118502fd913cc5beb6"
        },
        {
          "type": "renderModule",
          "assetId": "TcXkT68Mp6",
          "checksum": "99f8d71bdb0c89de1832c8e05aefc1ca"
        },
        {
          "type": "cssRules",
          "assetId": "TcXkT68Mp6",
          "checksum": "99f8d71bdb0c89de1832c8e05aefc1ca"
        },
        {
          "type": "renderModule",
          "assetId": "jJwXbiB2Ic",
          "checksum": "a112bc39fea7d8806c3f292356ade241"
        },
        {
          "type": "cssRules",
          "assetId": "jJwXbiB2Ic",
          "checksum": "a112bc39fea7d8806c3f292356ade241"
        },
        {
          "type": "renderModule",
          "assetId": "KCzdJBxTJE",
          "checksum": "0ecc23b0b6842c84c95e2c73329f1ff6"
        },
        {
          "type": "cssRules",
          "assetId": "KCzdJBxTJE",
          "checksum": "0ecc23b0b6842c84c95e2c73329f1ff6"
        },
        {
          "type": "renderModule",
          "assetId": "6Zq5_xjO9F",
          "checksum": "519e5b4cbcb14aec735623fea349188e"
        },
        {
          "type": "cssRules",
          "assetId": "6Zq5_xjO9F",
          "checksum": "519e5b4cbcb14aec735623fea349188e"
        },
        {
          "type": "renderModule",
          "assetId": "PwVbfz5ruck",
          "checksum": "9626c6c283475f24f1af56ec6da149dc"
        },
        {
          "type": "cssRules",
          "assetId": "PwVbfz5ruck",
          "checksum": "9626c6c283475f24f1af56ec6da149dc"
        },
        {
          "type": "renderModule",
          "assetId": "6kW5oz8gIK-",
          "checksum": "e5e8ed28260ed48d592a7693ffb80d4a"
        },
        {
          "type": "cssRules",
          "assetId": "6kW5oz8gIK-",
          "checksum": "e5e8ed28260ed48d592a7693ffb80d4a"
        },
        {
          "type": "renderModule",
          "assetId": "WzZa1_nedVe",
          "checksum": "94639532fccc4e33cd342d3a801a9f92"
        },
        {
          "type": "cssRules",
          "assetId": "WzZa1_nedVe",
          "checksum": "94639532fccc4e33cd342d3a801a9f92"
        },
        {
          "type": "renderModule",
          "assetId": "MEBiyy_4nD",
          "checksum": "b3c4c887a4d2ac629a65658fbad8244a"
        },
        {
          "type": "cssRules",
          "assetId": "MEBiyy_4nD",
          "checksum": "b3c4c887a4d2ac629a65658fbad8244a"
        },
        {
          "type": "renderModule",
          "assetId": "MaAtk98o9f",
          "checksum": "1d16da78a17d940ad28bfcb72558baa7"
        },
        {
          "type": "cssRules",
          "assetId": "MaAtk98o9f",
          "checksum": "1d16da78a17d940ad28bfcb72558baa7"
        },
        {
          "type": "renderModule",
          "assetId": "ZsmzGgkZw2",
          "checksum": "5882d3055bd203d80348aa7ecaf8b759"
        },
        {
          "type": "cssRules",
          "assetId": "ZsmzGgkZw2",
          "checksum": "5882d3055bd203d80348aa7ecaf8b759"
        },
        {
          "type": "renderModule",
          "assetId": "3Qfldk4cSlr",
          "checksum": "e00cb802e1915b73b232ddffb69dfe29"
        },
        {
          "type": "cssRules",
          "assetId": "3Qfldk4cSlr",
          "checksum": "e00cb802e1915b73b232ddffb69dfe29"
        },
        {
          "type": "renderModule",
          "assetId": "2xJBbfTP-H7",
          "checksum": "017f6d749c66a26c7d3d91f64e6de52a"
        },
        {
          "type": "cssRules",
          "assetId": "2xJBbfTP-H7",
          "checksum": "017f6d749c66a26c7d3d91f64e6de52a"
        },
        {
          "type": "renderModule",
          "assetId": "lJppbKgSOw",
          "checksum": "87c0b2f3acb266167f01dd7e3ef01e55"
        },
        {
          "type": "cssRules",
          "assetId": "lJppbKgSOw",
          "checksum": "87c0b2f3acb266167f01dd7e3ef01e55"
        },
        {
          "type": "renderModule",
          "assetId": "xiF82lygrKb",
          "checksum": "3823bfc7ad3a3696f62ef066cebb52dd"
        },
        {
          "type": "cssRules",
          "assetId": "xiF82lygrKb",
          "checksum": "3823bfc7ad3a3696f62ef066cebb52dd"
        },
        {
          "type": "renderModule",
          "assetId": "AapVVGU4iu",
          "checksum": "9a547d2cabf60aedc995f4dd1385a749"
        },
        {
          "type": "cssRules",
          "assetId": "AapVVGU4iu",
          "checksum": "9a547d2cabf60aedc995f4dd1385a749"
        },
        {
          "type": "renderModule",
          "assetId": "0JMC2aEx9m",
          "checksum": "39716dc0196310a6757b03f76b57b40c"
        },
        {
          "type": "cssRules",
          "assetId": "0JMC2aEx9m",
          "checksum": "39716dc0196310a6757b03f76b57b40c"
        },
        {
          "type": "renderModule",
          "assetId": "Xbdmg_vawY",
          "checksum": "c0e0dbff2f10a0ac8f1ae1ceaa85e904"
        },
        {
          "type": "cssRules",
          "assetId": "Xbdmg_vawY",
          "checksum": "c0e0dbff2f10a0ac8f1ae1ceaa85e904"
        },
        {
          "type": "renderModule",
          "assetId": "DJbGaLTtKAR",
          "checksum": "9bcb9e3b7ac132b60d8688a6b98a3630"
        },
        {
          "type": "cssRules",
          "assetId": "DJbGaLTtKAR",
          "checksum": "9bcb9e3b7ac132b60d8688a6b98a3630"
        },
        {
          "type": "renderModule",
          "assetId": "1LCbIKy0Mz",
          "checksum": "c6acb16a06d247d2d9c524e8d1288648"
        },
        {
          "type": "cssRules",
          "assetId": "1LCbIKy0Mz",
          "checksum": "c6acb16a06d247d2d9c524e8d1288648"
        },
        {
          "type": "renderModule",
          "assetId": "aD1BzX0TEUk",
          "checksum": "a8d750e5b533f6fdd4dc790e9bfc780f"
        },
        {
          "type": "cssRules",
          "assetId": "aD1BzX0TEUk",
          "checksum": "a8d750e5b533f6fdd4dc790e9bfc780f"
        },
        {
          "type": "renderModule",
          "assetId": "2LcO8okO6S",
          "checksum": "ea13bb4791a123f4977a92dc19b9e686"
        },
        {
          "type": "cssRules",
          "assetId": "2LcO8okO6S",
          "checksum": "ea13bb4791a123f4977a92dc19b9e686"
        },
        {
          "type": "renderModule",
          "assetId": "qSazSuRq3D",
          "checksum": "04213c2b07686b506d14ecf97e0153e9"
        },
        {
          "type": "cssRules",
          "assetId": "qSazSuRq3D",
          "checksum": "04213c2b07686b506d14ecf97e0153e9"
        },
        {
          "type": "renderModule",
          "assetId": "rBgbWjsA0sd",
          "checksum": "2710231af4f9382fe5ab6215b96f04a6"
        },
        {
          "type": "cssRules",
          "assetId": "rBgbWjsA0sd",
          "checksum": "2710231af4f9382fe5ab6215b96f04a6"
        },
        {
          "type": "renderModule",
          "assetId": "JF4MWU3g67-",
          "checksum": "eae4079cc77da9684e62c449c6635312"
        },
        {
          "type": "cssRules",
          "assetId": "JF4MWU3g67-",
          "checksum": "eae4079cc77da9684e62c449c6635312"
        },
        {
          "type": "renderModule",
          "assetId": "SuPOJLymtk7",
          "checksum": "53ac47c34d87e5960f099735fa2193f0"
        },
        {
          "type": "cssRules",
          "assetId": "SuPOJLymtk7",
          "checksum": "53ac47c34d87e5960f099735fa2193f0"
        },
        {
          "type": "renderModule",
          "assetId": "JWaK283jnQd",
          "checksum": "9f963d257189a596252c650ca37367ca"
        },
        {
          "type": "cssRules",
          "assetId": "JWaK283jnQd",
          "checksum": "9f963d257189a596252c650ca37367ca"
        },
        {
          "type": "renderModule",
          "assetId": "QePfxm7iE7o",
          "checksum": "f6223f1b039b191d642a57e97a0e5a65"
        },
        {
          "type": "cssRules",
          "assetId": "QePfxm7iE7o",
          "checksum": "f6223f1b039b191d642a57e97a0e5a65"
        },
        {
          "type": "renderModule",
          "assetId": "pDZtEWqRzT",
          "checksum": "4ddd392df76f9f172877a27dc18e3254"
        },
        {
          "type": "cssRules",
          "assetId": "pDZtEWqRzT",
          "checksum": "4ddd392df76f9f172877a27dc18e3254"
        },
        {
          "type": "renderModule",
          "assetId": "HzhMCW_ztWQ",
          "checksum": "0e770d742ba0d53b0f2ae240070684b9"
        },
        {
          "type": "cssRules",
          "assetId": "HzhMCW_ztWQ",
          "checksum": "0e770d742ba0d53b0f2ae240070684b9"
        },
        {
          "type": "renderModule",
          "assetId": "CVIy61AA1u",
          "checksum": "05bd95ca29651a00fb06c129ad38a063"
        },
        {
          "type": "cssRules",
          "assetId": "CVIy61AA1u",
          "checksum": "05bd95ca29651a00fb06c129ad38a063"
        },
        {
          "type": "renderModule",
          "assetId": "G_9dpcpzVW",
          "checksum": "49fa16ed11cf98adfd8e66a9a717745c"
        },
        {
          "type": "cssRules",
          "assetId": "G_9dpcpzVW",
          "checksum": "49fa16ed11cf98adfd8e66a9a717745c"
        },
        {
          "type": "renderModule",
          "assetId": "dxALvsaixcT",
          "checksum": "d7ba12dfc8f17f02610d7c7ad54b1623"
        },
        {
          "type": "cssRules",
          "assetId": "dxALvsaixcT",
          "checksum": "d7ba12dfc8f17f02610d7c7ad54b1623"
        },
        {
          "type": "renderModule",
          "assetId": "jlcB8VeL6C_",
          "checksum": "c2941ede67b901056a08a42b3c6482bf"
        },
        {
          "type": "cssRules",
          "assetId": "jlcB8VeL6C_",
          "checksum": "c2941ede67b901056a08a42b3c6482bf"
        },
        {
          "type": "renderModule",
          "assetId": "8suVFciYp4t",
          "checksum": "c688187ba7b4113a7248b26c02e91019"
        },
        {
          "type": "cssRules",
          "assetId": "8suVFciYp4t",
          "checksum": "c688187ba7b4113a7248b26c02e91019"
        },
        {
          "type": "renderModule",
          "assetId": "2Zjr0RrrEeo",
          "checksum": "1775cf2139381dafca2fa074853e8bfe"
        },
        {
          "type": "cssRules",
          "assetId": "2Zjr0RrrEeo",
          "checksum": "1775cf2139381dafca2fa074853e8bfe"
        },
        {
          "type": "renderModule",
          "assetId": "2sR5PRkxYAA",
          "checksum": "dc815a530496029a586ee6ca91902128"
        },
        {
          "type": "cssRules",
          "assetId": "2sR5PRkxYAA",
          "checksum": "dc815a530496029a586ee6ca91902128"
        },
        {
          "type": "renderModule",
          "assetId": "ncmAa8DpLu",
          "checksum": "9303a03331d8f50236a5b88b5a5233f6"
        },
        {
          "type": "cssRules",
          "assetId": "ncmAa8DpLu",
          "checksum": "9303a03331d8f50236a5b88b5a5233f6"
        },
        {
          "type": "renderModule",
          "assetId": "4hNukt77tQq",
          "checksum": "1772fa9606fe4704513e7c9238bc77cb"
        },
        {
          "type": "cssRules",
          "assetId": "4hNukt77tQq",
          "checksum": "1772fa9606fe4704513e7c9238bc77cb"
        },
        {
          "type": "renderModule",
          "assetId": "QBF7nr-k8Wj",
          "checksum": "6b8c53bbd8df24009f3e9e41e0ea72a0"
        },
        {
          "type": "cssRules",
          "assetId": "QBF7nr-k8Wj",
          "checksum": "6b8c53bbd8df24009f3e9e41e0ea72a0"
        },
        {
          "type": "renderModule",
          "assetId": "HUUfSMinVuU",
          "checksum": "4fd2e12ad89edc1ac870bb8c3c8def32"
        },
        {
          "type": "cssRules",
          "assetId": "HUUfSMinVuU",
          "checksum": "4fd2e12ad89edc1ac870bb8c3c8def32"
        },
        {
          "type": "renderModule",
          "assetId": "fJogwOTVlCE",
          "checksum": "9d9f3fd0bad8e51eb1d8b882a3ddbc41"
        },
        {
          "type": "cssRules",
          "assetId": "fJogwOTVlCE",
          "checksum": "9d9f3fd0bad8e51eb1d8b882a3ddbc41"
        },
        {
          "type": "renderModule",
          "assetId": "vfJVtA9eRVA",
          "checksum": "b869d2933374281ed2e777074678e5aa"
        },
        {
          "type": "cssRules",
          "assetId": "vfJVtA9eRVA",
          "checksum": "b869d2933374281ed2e777074678e5aa"
        },
        {
          "type": "renderModule",
          "assetId": "0dGBHkGVkF",
          "checksum": "16de9febf816b0ba461795411a04353d"
        },
        {
          "type": "cssRules",
          "assetId": "0dGBHkGVkF",
          "checksum": "16de9febf816b0ba461795411a04353d"
        },
        {
          "type": "renderModule",
          "assetId": "4f4Uxz__m0h",
          "checksum": "48e03a154f188c2b6410375105eb856a"
        },
        {
          "type": "cssRules",
          "assetId": "4f4Uxz__m0h",
          "checksum": "48e03a154f188c2b6410375105eb856a"
        },
        {
          "type": "renderModule",
          "assetId": "jHFCHH5QQ7K",
          "checksum": "0d3e18c5033a9f25aba4a74cefa04bf3"
        },
        {
          "type": "cssRules",
          "assetId": "jHFCHH5QQ7K",
          "checksum": "0d3e18c5033a9f25aba4a74cefa04bf3"
        },
        {
          "type": "image",
          "assetId": "EPGPLj8R6N",
          "checksum": "93a776a5daa701fa888a1d1dd922b12b"
        },
        {
          "type": "image",
          "assetId": "UYaJ8Iid3m",
          "checksum": "9579e8704ee76a6a0ac3b5c557784b68"
        },
        {
          "type": "image",
          "assetId": "X_7NFtHNX",
          "checksum": "2fc65505c1292927b8b5a1e6ccff8c02"
        },
        {
          "type": "image",
          "assetId": "7HJPr710dt",
          "checksum": "9fd36c9d837a047b11fc4c583dc547c8"
        },
        {
          "type": "image",
          "assetId": "xOaQbmepj8",
          "checksum": "0fa7acd87c170db8f0c96641550618dc"
        },
        {
          "type": "image",
          "assetId": "XhUnce3xk-",
          "checksum": "26d49edf1bc4cf805c75f9b4813b4065"
        },
        {
          "type": "image",
          "assetId": "ZK4QPLv_Js",
          "checksum": "00611244d028f186b31c0a9bc8df43c5"
        },
        {
          "type": "image",
          "assetId": "rU1g-d3eNw",
          "checksum": "d45a2029ed9a25382b35a0beea1630ba"
        },
        {
          "type": "image",
          "assetId": "jEB6FWUqh2",
          "checksum": "a7a1ca9e973ef1283ada2910354ff964"
        },
        {
          "type": "image",
          "assetId": "YE53p_epLv",
          "checksum": "b44b29d9ac231d30219874a8c8b92215"
        },
        {
          "type": "image",
          "assetId": "SuzPKCmZFZ",
          "checksum": "9d068469fa7abafac079351571859007"
        },
        {
          "type": "image",
          "assetId": "PJOPGNVZ-6",
          "checksum": "501827d6eed7e62b19b59408c4d1a760"
        },
        {
          "type": "image",
          "assetId": "04YO870mHJ",
          "checksum": "675a162f5958a6b62f92dbdba93c7af2"
        },
        {
          "type": "image",
          "assetId": "CMH2DF62HJ",
          "checksum": "482d1c42b910e76f6b870d6ae44a7dcd"
        },
        {
          "type": "image",
          "assetId": "C1Emdq7mU7",
          "checksum": "a199f15f9db45aefcefb88e3dbe1c0de"
        },
        {
          "type": "image",
          "assetId": "mZuhoXM_N",
          "checksum": "f6a29a5b2aa76e5cdf00e88c8a8ebb32"
        },
        {
          "type": "image",
          "assetId": "otjSZETYH",
          "checksum": "5572f6f5f1745e2c904e0e6330b8d82c"
        },
        {
          "type": "image",
          "assetId": "OswZQdidC",
          "checksum": "d8ecb2bc7f04a1ef8820e6df2da832e5"
        },
        {
          "type": "image",
          "assetId": "sQFudTnc2",
          "checksum": "6f5493e44aaf3952dbf71c2846a5d3ce"
        },
        {
          "type": "image",
          "assetId": "Y1uxSbPn1",
          "checksum": "7dd4ad05659249f8f4bb7536171f3db1"
        },
        {
          "type": "image",
          "assetId": "j3B0JfVAV",
          "checksum": "6446f21db27092c47b95d6381b385ed4"
        },
        {
          "type": "image",
          "assetId": "lzSJdD5rG",
          "checksum": "53eff06d633671e27f6cb10f2369a5a8"
        },
        {
          "type": "image",
          "assetId": "2_DqtGXsD",
          "checksum": "884719b6450473b9627078ab004609c4"
        },
        {
          "type": "image",
          "assetId": "a0XqR1rmO",
          "checksum": "b8ac9d465fd02a69ed6500b7b3ec5f85"
        },
        {
          "type": "image",
          "assetId": "CGjd_wD3lc",
          "checksum": "1f81cf0e8246d2e09773e6fa00d28384"
        },
        {
          "type": "image",
          "assetId": "ejT54-AB5",
          "checksum": "7b47aec89888d160131ae13e38bb0704"
        },
        {
          "type": "image",
          "assetId": "U_7c_gaQy",
          "checksum": "21aa2dba7e49f27adb7346a2d628da43"
        },
        {
          "type": "image",
          "assetId": "VvWfewPgF",
          "checksum": "ed12844869bb439df327afcedf05d692"
        },
        {
          "type": "image",
          "assetId": "tueIhGKhL",
          "checksum": "ca88a011e08392f1ee9636f3f934b8a0"
        },
        {
          "type": "image",
          "assetId": "3GGD3CMMI",
          "checksum": "7637aa9f70af0e4282919c40e50c9a39"
        },
        {
          "type": "image",
          "assetId": "Dqmr3K45D",
          "checksum": "958f03d7fa7ac7388a27db6df45a172a"
        },
        {
          "type": "image",
          "assetId": "yEtbjfyJ0",
          "checksum": "5a7fd0e1f5df526b5db031a557d92eeb"
        },
        {
          "type": "image",
          "assetId": "sd8fqsUf_",
          "checksum": "eca488ddb73b03df0a3519bd262f3895"
        },
        {
          "type": "image",
          "assetId": "brkhP7iR0",
          "checksum": "2072e3181f2e25bf65bc98003bac7718"
        },
        {
          "type": "image",
          "assetId": "jukHnjBM2",
          "checksum": "e920e976fc0d5ed7544da6713f547779"
        },
        {
          "type": "image",
          "assetId": "G5jsDdQkx",
          "checksum": "598bc7e6fa83f5452cd97f356f101784"
        },
        {
          "type": "image",
          "assetId": "9uio4NrWB",
          "checksum": "cff770858fe1733ce82f252c1fbd1fc5"
        },
        {
          "type": "image",
          "assetId": "0CMsqtag4",
          "checksum": "7f2d73efa9c3c1a810dbb31cb1a4711c"
        },
        {
          "type": "image",
          "assetId": "WlKI1l4eq",
          "checksum": "dbcdb1f631a5f1cd86cadd7cbd13f9b2"
        },
        {
          "type": "image",
          "assetId": "1qXLsp3Gl",
          "checksum": "5a94e89a73a2286abf97c9cb03ef0d53"
        },
        {
          "type": "image",
          "assetId": "FgP-35c5m",
          "checksum": "d9b838af656658deef13ac7d3fcf62f3"
        },
        {
          "type": "image",
          "assetId": "RtBuhLfpe",
          "checksum": "f04abab98abc945c24bf0d34548095ff"
        },
        {
          "type": "image",
          "assetId": "Q8dsR1Ya3",
          "checksum": "5bf2821a735811da44d81088c09d7729"
        },
        {
          "type": "image",
          "assetId": "mQOptpUsmZ",
          "checksum": "2538769d9576a386c5c7f83a1cf4ef62"
        },
        {
          "type": "image",
          "assetId": "4XNgS0YKP",
          "checksum": "2244f6d3fd8ab4322d6909c4c3ef616f"
        },
        {
          "type": "image",
          "assetId": "pGoZ-z6Ey",
          "checksum": "01ce89fb9dbe41eaf84c3691ac37e3a6"
        },
        {
          "type": "image",
          "assetId": "fyeMYI6Nk",
          "checksum": "97c28228238d41ceec4534b1bce1ea9d"
        },
        {
          "type": "image",
          "assetId": "VWPTvMyfj",
          "checksum": "ee2bd31360e29b3a1923a4945f89fde8"
        },
        {
          "type": "image",
          "assetId": "HKXEI5cPu",
          "checksum": "56cdd2320d5b3923ca5c8dada5b3a960"
        },
        {
          "type": "image",
          "assetId": "xlpa8IjYv",
          "checksum": "60c797347481f16bb79277d360db1b14"
        },
        {
          "type": "image",
          "assetId": "2Xmo-UlGL",
          "checksum": "bbb0896186f8dc94d13b4ff5bc31b558"
        },
        {
          "type": "image",
          "assetId": "cZnS6zLBf",
          "checksum": "f3d7cad1d2564c3eefd17e4bf83cf785"
        },
        {
          "type": "image",
          "assetId": "Zfpl2p14L",
          "checksum": "0a0204b424c11e9580fde4ca67a567f3"
        },
        {
          "type": "image",
          "assetId": "z7Q0WZtnF",
          "checksum": "8e0f080973b1f9b20069aa316bd6b5fe"
        },
        {
          "type": "image",
          "assetId": "MV-iw252s",
          "checksum": "c3e47e2cfcedbfbe4e95d53ecbc18b18"
        },
        {
          "type": "image",
          "assetId": "S6uJdcNII",
          "checksum": "7b4c45301cd870e37e3872c42fe307c6"
        },
        {
          "type": "image",
          "assetId": "TK5CdJRND",
          "checksum": "5044aa741eda94afbc0cdf275d174441"
        },
        {
          "type": "image",
          "assetId": "wcC-99HXh",
          "checksum": "2ba743bb3db28b5d08f9942b6d7f0272"
        },
        {
          "type": "image",
          "assetId": "wV9tHJz5J",
          "checksum": "b926b3a05f3fece11a73d306a84410c0"
        },
        {
          "type": "image",
          "assetId": "nsQNwrjDr",
          "checksum": "9eaf982cec835a423fc9e6c36cafed8a"
        },
        {
          "type": "image",
          "assetId": "LFnfKPfDu",
          "checksum": "4e171743090d031c03cefa038237eb29"
        },
        {
          "type": "image",
          "assetId": "UHUHDEvxd",
          "checksum": "69e36cf988e9363986f1fe9e8182b728"
        },
        {
          "type": "image",
          "assetId": "xN0RWJvWh",
          "checksum": "2f3186f31ceb027039ebe001bb117338"
        },
        {
          "type": "image",
          "assetId": "WiXT2gdxg",
          "checksum": "adf75555ddccf7135cecc518de247895"
        },
        {
          "type": "image",
          "assetId": "Eo7OkfnBA",
          "checksum": "1958e0a034910520a40f506758c52c6a"
        },
        {
          "type": "image",
          "assetId": "XdyayxrS3",
          "checksum": "f1c938e8ad335d3f8f7affd7cb961abd"
        },
        {
          "type": "image",
          "assetId": "xNo-AkG0e",
          "checksum": "0b8abf04b1840c91b1e19c4806d15cfc"
        },
        {
          "type": "image",
          "assetId": "62muS6d2Y",
          "checksum": "ccce6ad0be8e7d31a01554386932fe63"
        },
        {
          "type": "image",
          "assetId": "ccufmIpOC",
          "checksum": "375b7c5582aa2a2114424631fc32a72b"
        },
        {
          "type": "image",
          "assetId": "IzzEtRVSd",
          "checksum": "c2d9f210689d41fde56b38ad1e58ff90"
        },
        {
          "type": "image",
          "assetId": "EnzpsZnNo",
          "checksum": "13d6e93d5da27043b8f2d0cdcab3dc53"
        },
        {
          "type": "image",
          "assetId": "Dn5S8JL7H",
          "checksum": "878465310d6a52f3f2b89254a6d4aaaa"
        },
        {
          "type": "image",
          "assetId": "dHsf7IqGN",
          "checksum": "3f762ca2ba07a6697aab12e140ea5d20"
        },
        {
          "type": "image",
          "assetId": "wzezUzTfU",
          "checksum": "ca8cfe572a9c7ca7562be8a515fb6410"
        },
        {
          "type": "image",
          "assetId": "5xxeDTi_2",
          "checksum": "9c3d4e6885bc5803b787395110b91ba0"
        },
        {
          "type": "image",
          "assetId": "Y1cLdtC5p",
          "checksum": "cea6cded322c8a7f9c75f9be07e09421"
        },
        {
          "type": "image",
          "assetId": "MdyXN0Auz",
          "checksum": "9452f547e046fc663b9721a0295f971c"
        },
        {
          "type": "image",
          "assetId": "QIfl4TWQ0H",
          "checksum": "502be5f073e490efd77a15336d066f88"
        },
        {
          "type": "image",
          "assetId": "A-oIKPBDT",
          "checksum": "eb1a04c5f5b43d86f28c9cbfd61452c6"
        },
        {
          "type": "image",
          "assetId": "I6avqNVfS",
          "checksum": "e868ea60492eb385f7b69d62c09c8029"
        },
        {
          "type": "image",
          "assetId": "UrlN9ysec",
          "checksum": "2797fcd2237ebcebd792823e147ee6d7"
        },
        {
          "type": "image",
          "assetId": "2sfmJNIzu",
          "checksum": "fb1d2cc1c07062e9e54ea374d4b04c2f"
        },
        {
          "type": "image",
          "assetId": "u1TABRso4",
          "checksum": "556cdb8f93d900ecb0483f4b5b573211"
        },
        {
          "type": "image",
          "assetId": "v53izh8NN",
          "checksum": "e9db281b490010cab390906b168fadc4"
        },
        {
          "type": "image",
          "assetId": "MLv4cVE6I",
          "checksum": "539f09176d185172e4125474af5ff597"
        },
        {
          "type": "image",
          "assetId": "AVfwvYTPK",
          "checksum": "b9edff91c16e6715bc278217ba99bef5"
        },
        {
          "type": "image",
          "assetId": "CTc2zXw-o",
          "checksum": "cbea2e7c1d9d2d48bad45a7e5e241d54"
        },
        {
          "type": "image",
          "assetId": "lGgH04dpV",
          "checksum": "b1e7b2a3b8569a3f75dac7e3e0be049b"
        },
        {
          "type": "image",
          "assetId": "ctJJRhQOmF",
          "checksum": "ac902fc1b1389b6ce35c7cfb941b198f"
        },
        {
          "type": "image",
          "assetId": "b7PoB4e6bJ",
          "checksum": "5b55a896509c394524b3a7707e20f745"
        },
        {
          "type": "image",
          "assetId": "OrsonFC2Xn",
          "checksum": "48294e24f6f0151b610eef45668e99e0"
        },
        {
          "type": "image",
          "assetId": "w6uRsnNOr",
          "checksum": "ee0d50fd0c8d69a89a48e280d3d602f1"
        },
        {
          "type": "image",
          "assetId": "Bv8hQepak",
          "checksum": "db8b832daab732d6d964820af5b3994c"
        },
        {
          "type": "image",
          "assetId": "bTphux_km",
          "checksum": "97bc2a56ca17a13d45dc7b3b64972542"
        },
        {
          "type": "image",
          "assetId": "fSL2-scVK",
          "checksum": "cb0f0e27a05633ef65fc573e2dfb1670"
        },
        {
          "type": "image",
          "assetId": "PdvRG1ivM",
          "checksum": "b8d01178ccb657fdf2d6306eaa754c2d"
        },
        {
          "type": "image",
          "assetId": "Usyfh-QIW",
          "checksum": "fa871f6e2524d9470b02cfcc70c1cd20"
        },
        {
          "type": "image",
          "assetId": "Xq_49R9cf",
          "checksum": "6f5c97a5cabad2775d98f0e748ff6759"
        },
        {
          "type": "image",
          "assetId": "4_x_YUBSU",
          "checksum": "eeddc6a8b92d55e49298baf6b507cebb"
        },
        {
          "type": "image",
          "assetId": "lreVgxzrC",
          "checksum": "5745eb270ca0edfb565e00adb2666a3e"
        },
        {
          "type": "image",
          "assetId": "KWEWI51i9",
          "checksum": "51b23bda60b620ed7646471d7a83d3c0"
        },
        {
          "type": "image",
          "assetId": "FFo6q3mln",
          "checksum": "154bc8d21c28daf3c613fe097f4ddf78"
        },
        {
          "type": "image",
          "assetId": "BSuh69SwM",
          "checksum": "24882ecfc97680fdba8753a64fb7e7d5"
        },
        {
          "type": "image",
          "assetId": "8t6tyW2SN",
          "checksum": "9b68bb57845ca0e6cce2d955b2dd8dc4"
        },
        {
          "type": "image",
          "assetId": "WTvOXGb6b",
          "checksum": "936e1066c9af2931eaf9edf488f346d5"
        },
        {
          "type": "image",
          "assetId": "K6rrS2dFZ",
          "checksum": "74a3fc8bb24d0807f2bd1b61767bb206"
        },
        {
          "type": "image",
          "assetId": "Xl_ZeK5Zq",
          "checksum": "3a560b9aea00c4bfa89e0983d3e29ed9"
        },
        {
          "type": "image",
          "assetId": "QZwEvhzU2",
          "checksum": "37dcdd0f6752fdd30c8d9308868fd693"
        },
        {
          "type": "image",
          "assetId": "yHAqCT9Pm",
          "checksum": "371bab3a400ef1cb6b1015ddbaebc3bb"
        },
        {
          "type": "image",
          "assetId": "j6-2r3WfF",
          "checksum": "60a8f597598ec8bd85403526ec344884"
        },
        {
          "type": "image",
          "assetId": "9KjKXf8aA",
          "checksum": "ab660fe28280750859a7d1a5795e7b54"
        },
        {
          "type": "image",
          "assetId": "lYItEpXgS",
          "checksum": "46c530ac44c0d0094774735b5c9f2937"
        },
        {
          "type": "image",
          "assetId": "_G6dF9FdL",
          "checksum": "8f47eb089fe3458648fe5ba95777d8ac"
        },
        {
          "type": "image",
          "assetId": "fyKJL3owe",
          "checksum": "5672cef05d00bb9905b028bfdbe08064"
        },
        {
          "type": "image",
          "assetId": "KCxujGJaO",
          "checksum": "d2d989a5ded9222bca600b38f7ed73a0"
        },
        {
          "type": "image",
          "assetId": "zvTNx6qJy",
          "checksum": "8cfb2fb457573f3bc0dbe8ec17e9c292"
        },
        {
          "type": "image",
          "assetId": "q5HyGrQzo",
          "checksum": "edeb920ddeb81863a65087faa8e27912"
        },
        {
          "type": "image",
          "assetId": "FRccJnohF",
          "checksum": "cd165dcb70514364dce3267584572997"
        },
        {
          "type": "image",
          "assetId": "UVDBPWNKV",
          "checksum": "74d0ab289832d0d9d55c4f209cd06e89"
        },
        {
          "type": "image",
          "assetId": "OmM_OZNfL",
          "checksum": "3fac2cef6bc538977bffef821427b8c6"
        },
        {
          "type": "image",
          "assetId": "INz8QmFvF",
          "checksum": "3d77dbba54ceb10d80022f910b3723f5"
        },
        {
          "type": "image",
          "assetId": "ijfr7qQeh",
          "checksum": "c2b53be494fc364c68c37b0e903d96b1"
        },
        {
          "assetId": "kjuFFTSZb8fanzCHT2C1jz",
          "type": "projectCss",
          "checksum": "7dc39c24543de952702c101009a1ce8a"
        },
        {
          "type": "icon",
          "assetId": "wTfucAc7Rr",
          "checksum": "5a718eb730a28d2692f45fc9cc0e7343"
        },
        {
          "type": "icon",
          "assetId": "VMSgXilvsf",
          "checksum": "5841bf2932372c18eee5325a6279f684"
        },
        {
          "type": "icon",
          "assetId": "_QBTdEQAzz",
          "checksum": "9bd338a85f59861e7bd473f4d6cccc1c"
        },
        {
          "type": "icon",
          "assetId": "CEtYrZALfu",
          "checksum": "04a55a886ac847d3bfc1b99ffefdb6a8"
        },
        {
          "type": "icon",
          "assetId": "Mj5CsVYcA9",
          "checksum": "5f52e36e9bb1d24317685985881a037b"
        },
        {
          "type": "icon",
          "assetId": "7p8MViVJAB",
          "checksum": "df0fe7ba0bf895c548860fcdc8965d11"
        },
        {
          "type": "icon",
          "assetId": "nEANI2ubBB",
          "checksum": "28855fa81357ad444e6aa22718f86ee5"
        },
        {
          "type": "icon",
          "assetId": "f4GO4W3yZm",
          "checksum": "c30e9cd8f64835f6afd34161c612776a"
        },
        {
          "type": "icon",
          "assetId": "j57_wDEs9S",
          "checksum": "8fde49bd22bce1375773dbcbaeb9c7ab"
        },
        {
          "type": "icon",
          "assetId": "4WWM9dCuzI",
          "checksum": "8186f90f8cb52c9210a0d91ad6843ffd"
        },
        {
          "type": "icon",
          "assetId": "D95fuAr7gP",
          "checksum": "e88e8eaa1ba3e0d0846d0e466b1d47b0"
        },
        {
          "type": "icon",
          "assetId": "mrC2Ljeqti",
          "checksum": "2d163f83ed54bcf49da12a779a79de08"
        },
        {
          "type": "icon",
          "assetId": "CyAK3Gjxwu",
          "checksum": "e7ab47eede60bd42bc7e4a5ccd7e1da5"
        },
        {
          "type": "icon",
          "assetId": "dU5ansm0Xg",
          "checksum": "73b04bf939b3a08c574379cf81c6948a"
        },
        {
          "type": "icon",
          "assetId": "OsdZlmfSEe",
          "checksum": "3720abb7f3976be8137c60f22d67424d"
        },
        {
          "type": "icon",
          "assetId": "oGKOpvo0ll",
          "checksum": "80fb047f8322dbe44dcb18079e8f0812"
        },
        {
          "type": "icon",
          "assetId": "oElPELm1et",
          "checksum": "c52c314f07a28804e40a693c7ef50797"
        },
        {
          "type": "icon",
          "assetId": "qrdgDrcfzD",
          "checksum": "c8d9e86916580684e17117c6700dc23e"
        },
        {
          "type": "icon",
          "assetId": "ymoKOCfuo-",
          "checksum": "90783383497956e6a080287917cd099f"
        },
        {
          "type": "icon",
          "assetId": "YhhYiXTtXT",
          "checksum": "39ab21c923ffe87319871057902c8d34"
        },
        {
          "type": "icon",
          "assetId": "d8TOpAp1CP",
          "checksum": "599752e108fc6ba9751d0eb0aefedec6"
        },
        {
          "type": "icon",
          "assetId": "5amV9exkN9",
          "checksum": "96470b1e937e6cddbff054d06cb221f9"
        },
        {
          "type": "icon",
          "assetId": "rP3WBmFG-e",
          "checksum": "2e20920a9712b9810380c8d7e15dc211"
        },
        {
          "type": "icon",
          "assetId": "Qm3zx5PVC",
          "checksum": "71d009ec2317ae19f6d2696809bfaa16"
        },
        {
          "type": "icon",
          "assetId": "gZDZDs61W-",
          "checksum": "693b6f5068e0e5bb9972428b3861e392"
        },
        {
          "type": "icon",
          "assetId": "pxV85ZZQvi",
          "checksum": "8f18a11c3ea62e51afee65475de0034b"
        },
        {
          "type": "icon",
          "assetId": "E2O_OGnBZf",
          "checksum": "81f99430db9c715f755b5648f56b8df7"
        },
        {
          "type": "icon",
          "assetId": "UIRIe6a68A",
          "checksum": "2c31a90a3bf50dd1b10a87b8037208fe"
        },
        {
          "type": "icon",
          "assetId": "VwsBlWFPux",
          "checksum": "af274a11204ea21e017afad86d2534a3"
        },
        {
          "type": "icon",
          "assetId": "4AIkExQxz",
          "checksum": "081cac690efb8ea3c2731e3b2410c6d1"
        },
        {
          "type": "icon",
          "assetId": "CbfsWz2JkE",
          "checksum": "16b438f7439cf778bdd7332a61847184"
        },
        {
          "type": "icon",
          "assetId": "bi_8qGOLhg",
          "checksum": "d0ee049f03342d3d80f5c1d412820fe0"
        },
        {
          "type": "icon",
          "assetId": "V9OFkmlcnz",
          "checksum": "7d451f3b86c4909ca9d41634f8b5dc7f"
        },
        {
          "type": "icon",
          "assetId": "bXLmcsbn-z",
          "checksum": "3461ffa0e48a38b7a25fd77e90f017fb"
        },
        {
          "type": "icon",
          "assetId": "T8joG3yRTH",
          "checksum": "0032d305146c6fd7afb2da1a03f03466"
        },
        {
          "type": "icon",
          "assetId": "USRi-J1iAV",
          "checksum": "c4013f22d2e91eef95a2bb53d377d75f"
        },
        {
          "type": "icon",
          "assetId": "GXuSKq-oqJ",
          "checksum": "f3954b9956ea3ef56f67ccfac6f56d82"
        },
        {
          "type": "icon",
          "assetId": "SCO2nowOyF",
          "checksum": "0de77054b039f797f2ecaade65b1355a"
        }
      ]
    }
  ],
  "cliVersion": "0.1.149"
}
